
Microsoft Visual Studio Solution File, Format Version 12.00
# Visual Studio 14
VisualStudioVersion = 14.0.24720.0
MinimumVisualStudioVersion = 10.0.40219.1
Project("{FAE04EC0-301F-11D3-BF4B-00C04F79EFBC}") = "VSReact.Api", "VSReact.Api\VSReact.Api.csproj", "{12859C39-E832-4BD6-B740-FFC8D9A690B3}"
EndProject
Project("{FAE04EC0-301F-11D3-BF4B-00C04F79EFBC}") = "VSReact.Web", "VSReact.Web\VSReact.Web.csproj", "{898E5C63-2B7E-42F8-A505-CACE65ED1EEB}"
EndProject
Global
	GlobalSection(SolutionConfigurationPlatforms) = preSolution
		Debug|Any CPU = Debug|Any CPU
		Release|Any CPU = Release|Any CPU
	EndGlobalSection
	GlobalSection(ProjectConfigurationPlatforms) = postSolution
		{12859C39-E832-4BD6-B740-FFC8D9A690B3}.Debug|Any CPU.ActiveCfg = Debug|Any CPU
		{12859C39-E832-4BD6-B740-FFC8D9A690B3}.Debug|Any CPU.Build.0 = Debug|Any CPU
		{12859C39-E832-4BD6-B740-FFC8D9A690B3}.Release|Any CPU.ActiveCfg = Release|Any CPU
		{12859C39-E832-4BD6-B740-FFC8D9A690B3}.Release|Any CPU.Build.0 = Release|Any CPU
		{898E5C63-2B7E-42F8-A505-CACE65ED1EEB}.Debug|Any CPU.ActiveCfg = Debug|Any CPU
		{898E5C63-2B7E-42F8-A505-CACE65ED1EEB}.Debug|Any CPU.Build.0 = Debug|Any CPU
		{898E5C63-2B7E-42F8-A505-CACE65ED1EEB}.Release|Any CPU.ActiveCfg = Release|Any CPU
		{898E5C63-2B7E-42F8-A505-CACE65ED1EEB}.Release|Any CPU.Build.0 = Release|Any CPU
	EndGlobalSection
	GlobalSection(SolutionProperties) = preSolution
		HideSolutionNode = FALSE
	EndGlobalSection
EndGlobal
