
Microsoft Visual Studio Solution File, Format Version 12.00
# Visual Studio 15
VisualStudioVersion = 15.0.26430.14
MinimumVisualStudioVersion = 10.0.40219.1
Project("{FAE04EC0-301F-11D3-BF4B-00C04F79EFBC}") = "VSReact.Api", "VSReact.Api\VSReact.Api.csproj", "{12859C39-E832-4BD6-B740-FFC8D9A690B3}"
EndProject
Project("{FAE04EC0-301F-11D3-BF4B-00C04F79EFBC}") = "VSReact.Web", "VSReact.Web\VSReact.Web.csproj", "{898E5C63-2B7E-42F8-A505-CACE65ED1EEB}"
EndProject
Project("{2150E333-8FDC-42A3-9474-1A3956D46DE8}") = "Solution Items", "Solution Items", "{63FACB57-2776-47D1-BD39-E95282BE55CF}"
	ProjectSection(SolutionItems) = preProject
		.editorconfig = .editorconfig
		.gitignore = .gitignore
		LICENSE = LICENSE
		README.md = README.md
	EndProjectSection
EndProject
Global
	GlobalSection(SolutionConfigurationPlatforms) = preSolution
		Debug|Any CPU = Debug|Any CPU
		Release|Any CPU = Release|Any CPU
	EndGlobalSection
	GlobalSection(ProjectConfigurationPlatforms) = postSolution
		{12859C39-E832-4BD6-B740-FFC8D9A690B3}.Debug|Any CPU.ActiveCfg = Debug|Any CPU
		{12859C39-E832-4BD6-B740-FFC8D9A690B3}.Debug|Any CPU.Build.0 = Debug|Any CPU
		{12859C39-E832-4BD6-B740-FFC8D9A690B3}.Release|Any CPU.ActiveCfg = Release|Any CPU
		{12859C39-E832-4BD6-B740-FFC8D9A690B3}.Release|Any CPU.Build.0 = Release|Any CPU
		{898E5C63-2B7E-42F8-A505-CACE65ED1EEB}.Debug|Any CPU.ActiveCfg = Debug|Any CPU
		{898E5C63-2B7E-42F8-A505-CACE65ED1EEB}.Debug|Any CPU.Build.0 = Debug|Any CPU
		{898E5C63-2B7E-42F8-A505-CACE65ED1EEB}.Release|Any CPU.ActiveCfg = Release|Any CPU
		{898E5C63-2B7E-42F8-A505-CACE65ED1EEB}.Release|Any CPU.Build.0 = Release|Any CPU
	EndGlobalSection
	GlobalSection(SolutionProperties) = preSolution
		HideSolutionNode = FALSE
	EndGlobalSection
EndGlobal
